{
  "version": 7,
  "nodes": {
    "nixpkgs": {
      "locked": {
        "type": "no-update"
      },
      "flakes": []
    },
    "flake-parts": {},
    "home-manager": {},
    "nixpkgs-poetry": {},
    "upstream": {},
    "amp": {
      "locked": {
        "type": "path",
        "path": "/home/nixos/repos/flakes/.worktrees/flakes-amp/flakes/amp",
        "narHash": "sha256:0000000000000000000000000000000000000000000000000000000000000000"
      },
      "inputs": {}
    }
  },
  "root": {
    "inputs": {
      "nixpkgs": "nixpkgs",
      "nixpkgs-poetry": "nixpkgs-poetry",
      "home-manager": "home-manager",
      "flake-parts": "flake-parts",
      "upstream": "upstream",
      "amp": "amp"
    }
  }
}